
Microsoft Visual Studio Solution File, Format Version 12.00
# Visual Studio Version 16
VisualStudioVersion = 16.0.30002.166
MinimumVisualStudioVersion = 10.0.40219.1
Project("{FAE04EC0-301F-11D3-BF4B-00C04F79EFBC}") = "WebApp_FullProject", "WebApp_FullProject\WebApp_FullProject.csproj", "{40306F9E-A60D-4B72-B823-FEFC7583C01C}"
EndProject
Global
	GlobalSection(SolutionConfigurationPlatforms) = preSolution
		Debug|Any CPU = Debug|Any CPU
		Release|Any CPU = Release|Any CPU
	EndGlobalSection
	GlobalSection(ProjectConfigurationPlatforms) = postSolution
		{40306F9E-A60D-4B72-B823-FEFC7583C01C}.Debug|Any CPU.ActiveCfg = Debug|Any CPU
		{40306F9E-A60D-4B72-B823-FEFC7583C01C}.Debug|Any CPU.Build.0 = Debug|Any CPU
		{40306F9E-A60D-4B72-B823-FEFC7583C01C}.Release|Any CPU.ActiveCfg = Release|Any CPU
		{40306F9E-A60D-4B72-B823-FEFC7583C01C}.Release|Any CPU.Build.0 = Release|Any CPU
	EndGlobalSection
	GlobalSection(SolutionProperties) = preSolution
		HideSolutionNode = FALSE
	EndGlobalSection
	GlobalSection(ExtensibilityGlobals) = postSolution
		SolutionGuid = {DE8ABB4D-456F-46E0-9167-F8FFC93E5AD7}
	EndGlobalSection
EndGlobal
